// !$*UTF8*$!
{
	archiveVersion = 1;
	classes = {
	};
	objectVersion = 56;
	objects = {

/* Begin PBXBuildFile section */
		5F04CD3F2BFFDEDC005C617D /* CharacterRepository.swift in Sources */ = {isa = PBXBuildFile; fileRef = 5F04CD3E2BFFDEDC005C617D /* CharacterRepository.swift */; };
		5F04CD412BFFE45E005C617D /* CharacterModel.swift in Sources */ = {isa = PBXBuildFile; fileRef = 5F04CD402BFFE45E005C617D /* CharacterModel.swift */; };
		5F04CD482BFFE809005C617D /* Results.swift in Sources */ = {isa = PBXBuildFile; fileRef = 5F04CD472BFFE809005C617D /* Results.swift */; };
		5FDC4F432BFF2C1900A67571 /* HTTPMethod.swift in Sources */ = {isa = PBXBuildFile; fileRef = 5FDC4F422BFF2C1900A67571 /* HTTPMethod.swift */; };
		5FDC4F452BFF2D6400A67571 /* HTTPClient.swift in Sources */ = {isa = PBXBuildFile; fileRef = 5FDC4F442BFF2D6400A67571 /* HTTPClient.swift */; };
		5FDC4F492BFF2D9D00A67571 /* EndPoint.swift in Sources */ = {isa = PBXBuildFile; fileRef = 5FDC4F482BFF2D9D00A67571 /* EndPoint.swift */; };
		5FDC4F4F2BFF508B00A67571 /* NetworkError.swift in Sources */ = {isa = PBXBuildFile; fileRef = 5FDC4F4E2BFF508B00A67571 /* NetworkError.swift */; };
		5FDC4F512BFF526100A67571 /* EndPointProtocol.swift in Sources */ = {isa = PBXBuildFile; fileRef = 5FDC4F502BFF526100A67571 /* EndPointProtocol.swift */; };
		5FDC4F552BFF53BA00A67571 /* ErrorModel.swift in Sources */ = {isa = PBXBuildFile; fileRef = 5FDC4F542BFF53BA00A67571 /* ErrorModel.swift */; };
		5FF59F052C0061C5006166C0 /* MainViewModel.swift in Sources */ = {isa = PBXBuildFile; fileRef = 5FF59F042C0061C5006166C0 /* MainViewModel.swift */; };
		5FFE41D62BFF0DC0004A8B37 /* SampleProjectApp.swift in Sources */ = {isa = PBXBuildFile; fileRef = 5FFE41D52BFF0DC0004A8B37 /* SampleProjectApp.swift */; };
		5FFE41D82BFF0DC0004A8B37 /* MainView.swift in Sources */ = {isa = PBXBuildFile; fileRef = 5FFE41D72BFF0DC0004A8B37 /* MainView.swift */; };
		5FFE41DA2BFF0DC2004A8B37 /* Assets.xcassets in Resources */ = {isa = PBXBuildFile; fileRef = 5FFE41D92BFF0DC2004A8B37 /* Assets.xcassets */; };
		5FFE41DD2BFF0DC2004A8B37 /* Preview Assets.xcassets in Resources */ = {isa = PBXBuildFile; fileRef = 5FFE41DC2BFF0DC2004A8B37 /* Preview Assets.xcassets */; };
/* End PBXBuildFile section */

/* Begin PBXFileReference section */
		5F04CD3E2BFFDEDC005C617D /* CharacterRepository.swift */ = {isa = PBXFileReference; lastKnownFileType = sourcecode.swift; path = CharacterRepository.swift; sourceTree = "<group>"; };
		5F04CD402BFFE45E005C617D /* CharacterModel.swift */ = {isa = PBXFileReference; lastKnownFileType = sourcecode.swift; path = CharacterModel.swift; sourceTree = "<group>"; };
		5F04CD472BFFE809005C617D /* Results.swift */ = {isa = PBXFileReference; lastKnownFileType = sourcecode.swift; path = Results.swift; sourceTree = "<group>"; };
		5FDC4F422BFF2C1900A67571 /* HTTPMethod.swift */ = {isa = PBXFileReference; lastKnownFileType = sourcecode.swift; path = HTTPMethod.swift; sourceTree = "<group>"; };
		5FDC4F442BFF2D6400A67571 /* HTTPClient.swift */ = {isa = PBXFileReference; lastKnownFileType = sourcecode.swift; path = HTTPClient.swift; sourceTree = "<group>"; };
		5FDC4F482BFF2D9D00A67571 /* EndPoint.swift */ = {isa = PBXFileReference; lastKnownFileType = sourcecode.swift; path = EndPoint.swift; sourceTree = "<group>"; };
		5FDC4F4E2BFF508B00A67571 /* NetworkError.swift */ = {isa = PBXFileReference; lastKnownFileType = sourcecode.swift; path = NetworkError.swift; sourceTree = "<group>"; };
		5FDC4F502BFF526100A67571 /* EndPointProtocol.swift */ = {isa = PBXFileReference; lastKnownFileType = sourcecode.swift; path = EndPointProtocol.swift; sourceTree = "<group>"; };
		5FDC4F542BFF53BA00A67571 /* ErrorModel.swift */ = {isa = PBXFileReference; lastKnownFileType = sourcecode.swift; path = ErrorModel.swift; sourceTree = "<group>"; };
		5FF59F042C0061C5006166C0 /* MainViewModel.swift */ = {isa = PBXFileReference; lastKnownFileType = sourcecode.swift; path = MainViewModel.swift; sourceTree = "<group>"; };
		5FFE41D22BFF0DC0004A8B37 /* SampleProject.app */ = {isa = PBXFileReference; explicitFileType = wrapper.application; includeInIndex = 0; path = SampleProject.app; sourceTree = BUILT_PRODUCTS_DIR; };
		5FFE41D52BFF0DC0004A8B37 /* SampleProjectApp.swift */ = {isa = PBXFileReference; lastKnownFileType = sourcecode.swift; path = SampleProjectApp.swift; sourceTree = "<group>"; };
		5FFE41D72BFF0DC0004A8B37 /* MainView.swift */ = {isa = PBXFileReference; lastKnownFileType = sourcecode.swift; path = MainView.swift; sourceTree = "<group>"; };
		5FFE41D92BFF0DC2004A8B37 /* Assets.xcassets */ = {isa = PBXFileReference; lastKnownFileType = folder.assetcatalog; path = Assets.xcassets; sourceTree = "<group>"; };
		5FFE41DC2BFF0DC2004A8B37 /* Preview Assets.xcassets */ = {isa = PBXFileReference; lastKnownFileType = folder.assetcatalog; path = "Preview Assets.xcassets"; sourceTree = "<group>"; };
/* End PBXFileReference section */

/* Begin PBXFrameworksBuildPhase section */
		5FFE41CF2BFF0DC0004A8B37 /* Frameworks */ = {
			isa = PBXFrameworksBuildPhase;
			buildActionMask = 2147483647;
			files = (
			);
			runOnlyForDeploymentPostprocessing = 0;
		};
/* End PBXFrameworksBuildPhase section */

/* Begin PBXGroup section */
		5F04CD3D2BFFDEAB005C617D /* Repository */ = {
			isa = PBXGroup;
			children = (
				5F04CD3E2BFFDEDC005C617D /* CharacterRepository.swift */,
			);
			path = Repository;
			sourceTree = "<group>";
		};
		5F04CD422BFFE7A8005C617D /* Detail */ = {
			isa = PBXGroup;
			children = (
				5F04CD432BFFE7AD005C617D /* Content */,
				5F04CD442BFFE7B1005C617D /* ViewModel */,
				5F04CD462BFFE7BB005C617D /* View */,
				5F04CD452BFFE7B8005C617D /* Model */,
			);
			path = Detail;
			sourceTree = "<group>";
		};
		5F04CD432BFFE7AD005C617D /* Content */ = {
			isa = PBXGroup;
			children = (
			);
			path = Content;
			sourceTree = "<group>";
		};
		5F04CD442BFFE7B1005C617D /* ViewModel */ = {
			isa = PBXGroup;
			children = (
			);
			path = ViewModel;
			sourceTree = "<group>";
		};
		5F04CD452BFFE7B8005C617D /* Model */ = {
			isa = PBXGroup;
			children = (
				5F04CD472BFFE809005C617D /* Results.swift */,
			);
			path = Model;
			sourceTree = "<group>";
		};
		5F04CD462BFFE7BB005C617D /* View */ = {
			isa = PBXGroup;
			children = (
			);
			path = View;
			sourceTree = "<group>";
		};
		5FDC4F3C2BFF29C900A67571 /* HTTPClient */ = {
			isa = PBXGroup;
			children = (
				5FDC4F422BFF2C1900A67571 /* HTTPMethod.swift */,
				5FDC4F442BFF2D6400A67571 /* HTTPClient.swift */,
			);
			path = HTTPClient;
			sourceTree = "<group>";
		};
		5FDC4F3D2BFF29D800A67571 /* Endpoint */ = {
			isa = PBXGroup;
			children = (
				5FDC4F482BFF2D9D00A67571 /* EndPoint.swift */,
				5FDC4F502BFF526100A67571 /* EndPointProtocol.swift */,
			);
			path = Endpoint;
			sourceTree = "<group>";
		};
		5FDC4F3E2BFF2A0C00A67571 /* Errors */ = {
			isa = PBXGroup;
			children = (
				5FDC4F4E2BFF508B00A67571 /* NetworkError.swift */,
			);
			path = Errors;
			sourceTree = "<group>";
		};
		5FDC4F3F2BFF2A6600A67571 /* Model */ = {
			isa = PBXGroup;
			children = (
				5FDC4F542BFF53BA00A67571 /* ErrorModel.swift */,
			);
			path = Model;
			sourceTree = "<group>";
		};
		5FDC4F582BFF5CEB00A67571 /* UI */ = {
			isa = PBXGroup;
			children = (
				5FDC4F592BFF5CF100A67571 /* Present */,
			);
			path = UI;
			sourceTree = "<group>";
		};
		5FDC4F592BFF5CF100A67571 /* Present */ = {
			isa = PBXGroup;
			children = (
				5FDC4F5B2BFF5D0100A67571 /* Main */,
				5F04CD422BFFE7A8005C617D /* Detail */,
			);
			path = Present;
			sourceTree = "<group>";
		};
		5FDC4F5B2BFF5D0100A67571 /* Main */ = {
			isa = PBXGroup;
			children = (
				5FDC4F5C2BFF5D0300A67571 /* Content */,
				5FDC4F5F2BFF5D1700A67571 /* ViewModel */,
				5FDC4F5E2BFF5D1400A67571 /* View */,
				5FDC4F5D2BFF5D0D00A67571 /* Model */,
			);
			path = Main;
			sourceTree = "<group>";
		};
		5FDC4F5C2BFF5D0300A67571 /* Content */ = {
			isa = PBXGroup;
			children = (
				5FFE41D72BFF0DC0004A8B37 /* MainView.swift */,
			);
			path = Content;
			sourceTree = "<group>";
		};
		5FDC4F5D2BFF5D0D00A67571 /* Model */ = {
			isa = PBXGroup;
			children = (
				5F04CD402BFFE45E005C617D /* CharacterModel.swift */,
			);
			path = Model;
			sourceTree = "<group>";
		};
		5FDC4F5E2BFF5D1400A67571 /* View */ = {
			isa = PBXGroup;
			children = (
			);
			path = View;
			sourceTree = "<group>";
		};
		5FDC4F5F2BFF5D1700A67571 /* ViewModel */ = {
			isa = PBXGroup;
			children = (
				5FF59F042C0061C5006166C0 /* MainViewModel.swift */,
			);
			path = ViewModel;
			sourceTree = "<group>";
		};
		5FFE41C92BFF0DC0004A8B37 = {
			isa = PBXGroup;
			children = (
				5FFE41D42BFF0DC0004A8B37 /* SampleProject */,
				5FFE41D32BFF0DC0004A8B37 /* Products */,
			);
			sourceTree = "<group>";
		};
		5FFE41D32BFF0DC0004A8B37 /* Products */ = {
			isa = PBXGroup;
			children = (
				5FFE41D22BFF0DC0004A8B37 /* SampleProject.app */,
			);
			name = Products;
			sourceTree = "<group>";
		};
		5FFE41D42BFF0DC0004A8B37 /* SampleProject */ = {
			isa = PBXGroup;
			children = (
				5FDC4F582BFF5CEB00A67571 /* UI */,
				5FFE41E42BFF0DD2004A8B37 /* Data */,
				5FFE41E32BFF0DCA004A8B37 /* Core */,
				5FFE41DB2BFF0DC2004A8B37 /* Preview Content */,
			);
			path = SampleProject;
			sourceTree = "<group>";
		};
		5FFE41DB2BFF0DC2004A8B37 /* Preview Content */ = {
			isa = PBXGroup;
			children = (
				5FFE41DC2BFF0DC2004A8B37 /* Preview Assets.xcassets */,
			);
			path = "Preview Content";
			sourceTree = "<group>";
		};
		5FFE41E32BFF0DCA004A8B37 /* Core */ = {
			isa = PBXGroup;
			children = (
				5FFE41D52BFF0DC0004A8B37 /* SampleProjectApp.swift */,
				5FFE41D92BFF0DC2004A8B37 /* Assets.xcassets */,
			);
			path = Core;
			sourceTree = "<group>";
		};
		5FFE41E42BFF0DD2004A8B37 /* Data */ = {
			isa = PBXGroup;
			children = (
				5FDC4F3C2BFF29C900A67571 /* HTTPClient */,
				5F04CD3D2BFFDEAB005C617D /* Repository */,
				5FDC4F3D2BFF29D800A67571 /* Endpoint */,
				5FDC4F3F2BFF2A6600A67571 /* Model */,
				5FDC4F3E2BFF2A0C00A67571 /* Errors */,
			);
			path = Data;
			sourceTree = "<group>";
		};
/* End PBXGroup section */

/* Begin PBXNativeTarget section */
		5FFE41D12BFF0DC0004A8B37 /* SampleProject */ = {
			isa = PBXNativeTarget;
			buildConfigurationList = 5FFE41E02BFF0DC2004A8B37 /* Build configuration list for PBXNativeTarget "SampleProject" */;
			buildPhases = (
				5FFE41CE2BFF0DC0004A8B37 /* Sources */,
				5FFE41CF2BFF0DC0004A8B37 /* Frameworks */,
				5FFE41D02BFF0DC0004A8B37 /* Resources */,
			);
			buildRules = (
			);
			dependencies = (
			);
			name = SampleProject;
			productName = SampleProject;
			productReference = 5FFE41D22BFF0DC0004A8B37 /* SampleProject.app */;
			productType = "com.apple.product-type.application";
		};
/* End PBXNativeTarget section */

/* Begin PBXProject section */
		5FFE41CA2BFF0DC0004A8B37 /* Project object */ = {
			isa = PBXProject;
			attributes = {
				BuildIndependentTargetsInParallel = 1;
				LastSwiftUpdateCheck = 1540;
				LastUpgradeCheck = 1540;
				TargetAttributes = {
					5FFE41D12BFF0DC0004A8B37 = {
						CreatedOnToolsVersion = 15.4;
					};
				};
			};
			buildConfigurationList = 5FFE41CD2BFF0DC0004A8B37 /* Build configuration list for PBXProject "SampleProject" */;
			compatibilityVersion = "Xcode 14.0";
			developmentRegion = en;
			hasScannedForEncodings = 0;
			knownRegions = (
				en,
				Base,
			);
			mainGroup = 5FFE41C92BFF0DC0004A8B37;
			productRefGroup = 5FFE41D32BFF0DC0004A8B37 /* Products */;
			projectDirPath = "";
			projectRoot = "";
			targets = (
				5FFE41D12BFF0DC0004A8B37 /* SampleProject */,
			);
		};
/* End PBXProject section */

/* Begin PBXResourcesBuildPhase section */
		5FFE41D02BFF0DC0004A8B37 /* Resources */ = {
			isa = PBXResourcesBuildPhase;
			buildActionMask = 2147483647;
			files = (
				5FFE41DD2BFF0DC2004A8B37 /* Preview Assets.xcassets in Resources */,
				5FFE41DA2BFF0DC2004A8B37 /* Assets.xcassets in Resources */,
			);
			runOnlyForDeploymentPostprocessing = 0;
		};
/* End PBXResourcesBuildPhase section */

/* Begin PBXSourcesBuildPhase section */
		5FFE41CE2BFF0DC0004A8B37 /* Sources */ = {
			isa = PBXSourcesBuildPhase;
			buildActionMask = 2147483647;
			files = (
				5FFE41D82BFF0DC0004A8B37 /* MainView.swift in Sources */,
				5F04CD412BFFE45E005C617D /* CharacterModel.swift in Sources */,
				5FFE41D62BFF0DC0004A8B37 /* SampleProjectApp.swift in Sources */,
				5F04CD3F2BFFDEDC005C617D /* CharacterRepository.swift in Sources */,
				5FDC4F492BFF2D9D00A67571 /* EndPoint.swift in Sources */,
				5FDC4F4F2BFF508B00A67571 /* NetworkError.swift in Sources */,
				5FDC4F512BFF526100A67571 /* EndPointProtocol.swift in Sources */,
				5F04CD482BFFE809005C617D /* Results.swift in Sources */,
				5FDC4F552BFF53BA00A67571 /* ErrorModel.swift in Sources */,
				5FDC4F452BFF2D6400A67571 /* HTTPClient.swift in Sources */,
				5FDC4F432BFF2C1900A67571 /* HTTPMethod.swift in Sources */,
				5FF59F052C0061C5006166C0 /* MainViewModel.swift in Sources */,
			);
			runOnlyForDeploymentPostprocessing = 0;
		};
/* End PBXSourcesBuildPhase section */

/* Begin XCBuildConfiguration section */
		5FFE41DE2BFF0DC2004A8B37 /* Debug */ = {
			isa = XCBuildConfiguration;
			buildSettings = {
				ALWAYS_SEARCH_USER_PATHS = NO;
				ASSETCATALOG_COMPILER_GENERATE_SWIFT_ASSET_SYMBOL_EXTENSIONS = YES;
				CLANG_ANALYZER_NONNULL = YES;
				CLANG_ANALYZER_NUMBER_OBJECT_CONVERSION = YES_AGGRESSIVE;
				CLANG_CXX_LANGUAGE_STANDARD = "gnu++20";
				CLANG_ENABLE_MODULES = YES;
				CLANG_ENABLE_OBJC_ARC = YES;
				CLANG_ENABLE_OBJC_WEAK = YES;
				CLANG_WARN_BLOCK_CAPTURE_AUTORELEASING = YES;
				CLANG_WARN_BOOL_CONVERSION = YES;
				CLANG_WARN_COMMA = YES;
				CLANG_WARN_CONSTANT_CONVERSION = YES;
				CLANG_WARN_DEPRECATED_OBJC_IMPLEMENTATIONS = YES;
				CLANG_WARN_DIRECT_OBJC_ISA_USAGE = YES_ERROR;
				CLANG_WARN_DOCUMENTATION_COMMENTS = YES;
				CLANG_WARN_EMPTY_BODY = YES;
				CLANG_WARN_ENUM_CONVERSION = YES;
				CLANG_WARN_INFINITE_RECURSION = YES;
				CLANG_WARN_INT_CONVERSION = YES;
				CLANG_WARN_NON_LITERAL_NULL_CONVERSION = YES;
				CLANG_WARN_OBJC_IMPLICIT_RETAIN_SELF = YES;
				CLANG_WARN_OBJC_LITERAL_CONVERSION = YES;
				CLANG_WARN_OBJC_ROOT_CLASS = YES_ERROR;
				CLANG_WARN_QUOTED_INCLUDE_IN_FRAMEWORK_HEADER = YES;
				CLANG_WARN_RANGE_LOOP_ANALYSIS = YES;
				CLANG_WARN_STRICT_PROTOTYPES = YES;
				CLANG_WARN_SUSPICIOUS_MOVE = YES;
				CLANG_WARN_UNGUARDED_AVAILABILITY = YES_AGGRESSIVE;
				CLANG_WARN_UNREACHABLE_CODE = YES;
				CLANG_WARN__DUPLICATE_METHOD_MATCH = YES;
				COPY_PHASE_STRIP = NO;
				DEBUG_INFORMATION_FORMAT = dwarf;
				ENABLE_STRICT_OBJC_MSGSEND = YES;
				ENABLE_TESTABILITY = YES;
				ENABLE_USER_SCRIPT_SANDBOXING = YES;
				GCC_C_LANGUAGE_STANDARD = gnu17;
				GCC_DYNAMIC_NO_PIC = NO;
				GCC_NO_COMMON_BLOCKS = YES;
				GCC_OPTIMIZATION_LEVEL = 0;
				GCC_PREPROCESSOR_DEFINITIONS = (
					"DEBUG=1",
					"$(inherited)",
				);
				GCC_WARN_64_TO_32_BIT_CONVERSION = YES;
				GCC_WARN_ABOUT_RETURN_TYPE = YES_ERROR;
				GCC_WARN_UNDECLARED_SELECTOR = YES;
				GCC_WARN_UNINITIALIZED_AUTOS = YES_AGGRESSIVE;
				GCC_WARN_UNUSED_FUNCTION = YES;
				GCC_WARN_UNUSED_VARIABLE = YES;
				IPHONEOS_DEPLOYMENT_TARGET = 17.5;
				LOCALIZATION_PREFERS_STRING_CATALOGS = YES;
				MTL_ENABLE_DEBUG_INFO = INCLUDE_SOURCE;
				MTL_FAST_MATH = YES;
				ONLY_ACTIVE_ARCH = YES;
				SDKROOT = iphoneos;
				SWIFT_ACTIVE_COMPILATION_CONDITIONS = "DEBUG $(inherited)";
				SWIFT_OPTIMIZATION_LEVEL = "-Onone";
			};
			name = Debug;
		};
		5FFE41DF2BFF0DC2004A8B37 /* Release */ = {
			isa = XCBuildConfiguration;
			buildSettings = {
				ALWAYS_SEARCH_USER_PATHS = NO;
				ASSETCATALOG_COMPILER_GENERATE_SWIFT_ASSET_SYMBOL_EXTENSIONS = YES;
				CLANG_ANALYZER_NONNULL = YES;
				CLANG_ANALYZER_NUMBER_OBJECT_CONVERSION = YES_AGGRESSIVE;
				CLANG_CXX_LANGUAGE_STANDARD = "gnu++20";
				CLANG_ENABLE_MODULES = YES;
				CLANG_ENABLE_OBJC_ARC = YES;
				CLANG_ENABLE_OBJC_WEAK = YES;
				CLANG_WARN_BLOCK_CAPTURE_AUTORELEASING = YES;
				CLANG_WARN_BOOL_CONVERSION = YES;
				CLANG_WARN_COMMA = YES;
				CLANG_WARN_CONSTANT_CONVERSION = YES;
				CLANG_WARN_DEPRECATED_OBJC_IMPLEMENTATIONS = YES;
				CLANG_WARN_DIRECT_OBJC_ISA_USAGE = YES_ERROR;
				CLANG_WARN_DOCUMENTATION_COMMENTS = YES;
				CLANG_WARN_EMPTY_BODY = YES;
				CLANG_WARN_ENUM_CONVERSION = YES;
				CLANG_WARN_INFINITE_RECURSION = YES;
				CLANG_WARN_INT_CONVERSION = YES;
				CLANG_WARN_NON_LITERAL_NULL_CONVERSION = YES;
				CLANG_WARN_OBJC_IMPLICIT_RETAIN_SELF = YES;
				CLANG_WARN_OBJC_LITERAL_CONVERSION = YES;
				CLANG_WARN_OBJC_ROOT_CLASS = YES_ERROR;
				CLANG_WARN_QUOTED_INCLUDE_IN_FRAMEWORK_HEADER = YES;
				CLANG_WARN_RANGE_LOOP_ANALYSIS = YES;
				CLANG_WARN_STRICT_PROTOTYPES = YES;
				CLANG_WARN_SUSPICIOUS_MOVE = YES;
				CLANG_WARN_UNGUARDED_AVAILABILITY = YES_AGGRESSIVE;
				CLANG_WARN_UNREACHABLE_CODE = YES;
				CLANG_WARN__DUPLICATE_METHOD_MATCH = YES;
				COPY_PHASE_STRIP = NO;
				DEBUG_INFORMATION_FORMAT = "dwarf-with-dsym";
				ENABLE_NS_ASSERTIONS = NO;
				ENABLE_STRICT_OBJC_MSGSEND = YES;
				ENABLE_USER_SCRIPT_SANDBOXING = YES;
				GCC_C_LANGUAGE_STANDARD = gnu17;
				GCC_NO_COMMON_BLOCKS = YES;
				GCC_WARN_64_TO_32_BIT_CONVERSION = YES;
				GCC_WARN_ABOUT_RETURN_TYPE = YES_ERROR;
				GCC_WARN_UNDECLARED_SELECTOR = YES;
				GCC_WARN_UNINITIALIZED_AUTOS = YES_AGGRESSIVE;
				GCC_WARN_UNUSED_FUNCTION = YES;
				GCC_WARN_UNUSED_VARIABLE = YES;
				IPHONEOS_DEPLOYMENT_TARGET = 17.5;
				LOCALIZATION_PREFERS_STRING_CATALOGS = YES;
				MTL_ENABLE_DEBUG_INFO = NO;
				MTL_FAST_MATH = YES;
				SDKROOT = iphoneos;
				SWIFT_COMPILATION_MODE = wholemodule;
				VALIDATE_PRODUCT = YES;
			};
			name = Release;
		};
		5FFE41E12BFF0DC2004A8B37 /* Debug */ = {
			isa = XCBuildConfiguration;
			buildSettings = {
				ASSETCATALOG_COMPILER_APPICON_NAME = AppIcon;
				ASSETCATALOG_COMPILER_GLOBAL_ACCENT_COLOR_NAME = AccentColor;
				CODE_SIGN_STYLE = Automatic;
				CURRENT_PROJECT_VERSION = 1;
				DEVELOPMENT_ASSET_PATHS = "\"SampleProject/Preview Content\"";
				ENABLE_PREVIEWS = YES;
				GENERATE_INFOPLIST_FILE = YES;
				INFOPLIST_KEY_UIApplicationSceneManifest_Generation = YES;
				INFOPLIST_KEY_UIApplicationSupportsIndirectInputEvents = YES;
				INFOPLIST_KEY_UILaunchScreen_Generation = YES;
				INFOPLIST_KEY_UISupportedInterfaceOrientations_iPad = "UIInterfaceOrientationPortrait UIInterfaceOrientationPortraitUpsideDown UIInterfaceOrientationLandscapeLeft UIInterfaceOrientationLandscapeRight";
				INFOPLIST_KEY_UISupportedInterfaceOrientations_iPhone = "UIInterfaceOrientationPortrait UIInterfaceOrientationLandscapeLeft UIInterfaceOrientationLandscapeRight";
				IPHONEOS_DEPLOYMENT_TARGET = 17.5;
				LD_RUNPATH_SEARCH_PATHS = (
					"$(inherited)",
					"@executable_path/Frameworks",
				);
				MARKETING_VERSION = 1.0;
				PRODUCT_BUNDLE_IDENTIFIER = com.amirovaleh.SampleProject;
				PRODUCT_NAME = "$(TARGET_NAME)";
				SUPPORTED_PLATFORMS = "iphoneos iphonesimulator";
				SUPPORTS_MACCATALYST = NO;
				SUPPORTS_MAC_DESIGNED_FOR_IPHONE_IPAD = NO;
				SUPPORTS_XR_DESIGNED_FOR_IPHONE_IPAD = NO;
				SWIFT_EMIT_LOC_STRINGS = YES;
				SWIFT_VERSION = 5.0;
				TARGETED_DEVICE_FAMILY = 1;
			};
			name = Debug;
		};
		5FFE41E22BFF0DC2004A8B37 /* Release */ = {
			isa = XCBuildConfiguration;
			buildSettings = {
				ASSETCATALOG_COMPILER_APPICON_NAME = AppIcon;
				ASSETCATALOG_COMPILER_GLOBAL_ACCENT_COLOR_NAME = AccentColor;
				CODE_SIGN_STYLE = Automatic;
				CURRENT_PROJECT_VERSION = 1;
				DEVELOPMENT_ASSET_PATHS = "\"SampleProject/Preview Content\"";
				ENABLE_PREVIEWS = YES;
				GENERATE_INFOPLIST_FILE = YES;
				INFOPLIST_KEY_UIApplicationSceneManifest_Generation = YES;
				INFOPLIST_KEY_UIApplicationSupportsIndirectInputEvents = YES;
				INFOPLIST_KEY_UILaunchScreen_Generation = YES;
				INFOPLIST_KEY_UISupportedInterfaceOrientations_iPad = "UIInterfaceOrientationPortrait UIInterfaceOrientationPortraitUpsideDown UIInterfaceOrientationLandscapeLeft UIInterfaceOrientationLandscapeRight";
				INFOPLIST_KEY_UISupportedInterfaceOrientations_iPhone = "UIInterfaceOrientationPortrait UIInterfaceOrientationLandscapeLeft UIInterfaceOrientationLandscapeRight";
				IPHONEOS_DEPLOYMENT_TARGET = 17.5;
				LD_RUNPATH_SEARCH_PATHS = (
					"$(inherited)",
					"@executable_path/Frameworks",
				);
				MARKETING_VERSION = 1.0;
				PRODUCT_BUNDLE_IDENTIFIER = com.amirovaleh.SampleProject;
				PRODUCT_NAME = "$(TARGET_NAME)";
				SUPPORTED_PLATFORMS = "iphoneos iphonesimulator";
				SUPPORTS_MACCATALYST = NO;
				SUPPORTS_MAC_DESIGNED_FOR_IPHONE_IPAD = NO;
				SUPPORTS_XR_DESIGNED_FOR_IPHONE_IPAD = NO;
				SWIFT_EMIT_LOC_STRINGS = YES;
				SWIFT_VERSION = 5.0;
				TARGETED_DEVICE_FAMILY = 1;
			};
			name = Release;
		};
/* End XCBuildConfiguration section */

/* Begin XCConfigurationList section */
		5FFE41CD2BFF0DC0004A8B37 /* Build configuration list for PBXProject "SampleProject" */ = {
			isa = XCConfigurationList;
			buildConfigurations = (
				5FFE41DE2BFF0DC2004A8B37 /* Debug */,
				5FFE41DF2BFF0DC2004A8B37 /* Release */,
			);
			defaultConfigurationIsVisible = 0;
			defaultConfigurationName = Release;
		};
		5FFE41E02BFF0DC2004A8B37 /* Build configuration list for PBXNativeTarget "SampleProject" */ = {
			isa = XCConfigurationList;
			buildConfigurations = (
				5FFE41E12BFF0DC2004A8B37 /* Debug */,
				5FFE41E22BFF0DC2004A8B37 /* Release */,
			);
			defaultConfigurationIsVisible = 0;
			defaultConfigurationName = Release;
		};
/* End XCConfigurationList section */
	};
	rootObject = 5FFE41CA2BFF0DC0004A8B37 /* Project object */;
}
